
Microsoft Visual Studio Solution File, Format Version 12.00
# Visual Studio Version 16
VisualStudioVersion = 16.0.30804.86
MinimumVisualStudioVersion = 10.0.40219.1
Project("{9A19103F-16F7-4668-BE54-9A1E7A4F7556}") = "CrownBlog", "CrownBlog.csproj", "{F5822E04-887A-42BD-B61C-659918631017}"
EndProject
Global
	GlobalSection(SolutionConfigurationPlatforms) = preSolution
		Debug|Any CPU = Debug|Any CPU
		Release|Any CPU = Release|Any CPU
	EndGlobalSection
	GlobalSection(ProjectConfigurationPlatforms) = postSolution
		{F5822E04-887A-42BD-B61C-659918631017}.Debug|Any CPU.ActiveCfg = Debug|Any CPU
		{F5822E04-887A-42BD-B61C-659918631017}.Debug|Any CPU.Build.0 = Debug|Any CPU
		{F5822E04-887A-42BD-B61C-659918631017}.Release|Any CPU.ActiveCfg = Release|Any CPU
		{F5822E04-887A-42BD-B61C-659918631017}.Release|Any CPU.Build.0 = Release|Any CPU
	EndGlobalSection
	GlobalSection(SolutionProperties) = preSolution
		HideSolutionNode = FALSE
	EndGlobalSection
	GlobalSection(ExtensibilityGlobals) = postSolution
		SolutionGuid = {461A1B16-3251-4CC0-9788-416CA84B57D7}
	EndGlobalSection
EndGlobal
